
Microsoft Visual Studio Solution File, Format Version 12.00
# Visual Studio Version 17
VisualStudioVersion = 17.11.35303.130
MinimumVisualStudioVersion = 10.0.40219.1
Project("{FAE04EC0-301F-11D3-BF4B-00C04F79EFBC}") = "FermatTheorem", "FermatTheorem\FermatTheorem.csproj", "{50AC3B95-3D1D-4845-A15F-154614676084}"
EndProject
Global
	GlobalSection(SolutionConfigurationPlatforms) = preSolution
		Debug|Any CPU = Debug|Any CPU
		Release|Any CPU = Release|Any CPU
	EndGlobalSection
	GlobalSection(ProjectConfigurationPlatforms) = postSolution
		{50AC3B95-3D1D-4845-A15F-154614676084}.Debug|Any CPU.ActiveCfg = Debug|Any CPU
		{50AC3B95-3D1D-4845-A15F-154614676084}.Debug|Any CPU.Build.0 = Debug|Any CPU
		{50AC3B95-3D1D-4845-A15F-154614676084}.Release|Any CPU.ActiveCfg = Release|Any CPU
		{50AC3B95-3D1D-4845-A15F-154614676084}.Release|Any CPU.Build.0 = Release|Any CPU
	EndGlobalSection
	GlobalSection(SolutionProperties) = preSolution
		HideSolutionNode = FALSE
	EndGlobalSection
	GlobalSection(ExtensibilityGlobals) = postSolution
		SolutionGuid = {571FA34D-CA30-4636-8702-0236181728EB}
	EndGlobalSection
EndGlobal
